Microsoft Visual Studio Solution File, Format Version 12.00
# Visual Studio Version 17
VisualStudioVersion = 17.5.2.0
MinimumVisualStudioVersion = 10.0.40219.1
Project("{FAE04EC0-301F-11D3-BF4B-00C04F79EFBC}") = "SistemaAcademiaAPI", "SistemaAcademiaAPI.csproj", "{21885976-2169-1D8D-D41D-81DB96CF54BA}"
EndProject
Global
	GlobalSection(SolutionConfigurationPlatforms) = preSolution
		Debug|Any CPU = Debug|Any CPU
		Release|Any CPU = Release|Any CPU
	EndGlobalSection
	GlobalSection(ProjectConfigurationPlatforms) = postSolution
		{21885976-2169-1D8D-D41D-81DB96CF54BA}.Debug|Any CPU.ActiveCfg = Debug|Any CPU
		{21885976-2169-1D8D-D41D-81DB96CF54BA}.Debug|Any CPU.Build.0 = Debug|Any CPU
		{21885976-2169-1D8D-D41D-81DB96CF54BA}.Release|Any CPU.ActiveCfg = Release|Any CPU
		{21885976-2169-1D8D-D41D-81DB96CF54BA}.Release|Any CPU.Build.0 = Release|Any CPU
	EndGlobalSection
	GlobalSection(SolutionProperties) = preSolution
		HideSolutionNode = FALSE
	EndGlobalSection
	GlobalSection(ExtensibilityGlobals) = postSolution
		SolutionGuid = {14E7F6BD-9D4E-4B19-96E1-CB69F899AC4F}
	EndGlobalSection
EndGlobal
